
Microsoft Visual Studio Solution File, Format Version 12.00
# Visual Studio Version 17
VisualStudioVersion = 17.0.31825.309
MinimumVisualStudioVersion = 10.0.40219.1
Project("{9A19103F-16F7-4668-BE54-9A1E7A4F7556}") = "Prototype", "Prototype\Prototype.csproj", "{ED5A8564-D616-4DF0-878F-40C4DB82483F}"
EndProject
Project("{9A19103F-16F7-4668-BE54-9A1E7A4F7556}") = "Builder", "Builder\Builder.csproj", "{8423081A-9D0F-47ED-A659-E9D67C074BB2}"
EndProject
Project("{9A19103F-16F7-4668-BE54-9A1E7A4F7556}") = "Factory", "Factory\Factory.csproj", "{072B960E-7E72-4B6A-B87B-AD2649404D93}"
EndProject
Project("{9A19103F-16F7-4668-BE54-9A1E7A4F7556}") = "AbstractFactory", "AbstractFactory\AbstractFactory.csproj", "{376E5B28-CDEC-444D-B3D9-23F06AE2B54E}"
EndProject
Project("{9A19103F-16F7-4668-BE54-9A1E7A4F7556}") = "Observer", "Observer\Observer.csproj", "{476B8F5F-DDE9-4E5D-A66F-8DF08047B3DB}"
EndProject
Project("{FAE04EC0-301F-11D3-BF4B-00C04F79EFBC}") = "Decorator", "Decorator\Decorator.csproj", "{81584E2F-F32D-4AEF-B463-04B54926A65B}"
EndProject
Global
	GlobalSection(SolutionConfigurationPlatforms) = preSolution
		Debug|Any CPU = Debug|Any CPU
		Release|Any CPU = Release|Any CPU
	EndGlobalSection
	GlobalSection(ProjectConfigurationPlatforms) = postSolution
		{ED5A8564-D616-4DF0-878F-40C4DB82483F}.Debug|Any CPU.ActiveCfg = Debug|Any CPU
		{ED5A8564-D616-4DF0-878F-40C4DB82483F}.Debug|Any CPU.Build.0 = Debug|Any CPU
		{ED5A8564-D616-4DF0-878F-40C4DB82483F}.Release|Any CPU.ActiveCfg = Release|Any CPU
		{ED5A8564-D616-4DF0-878F-40C4DB82483F}.Release|Any CPU.Build.0 = Release|Any CPU
		{8423081A-9D0F-47ED-A659-E9D67C074BB2}.Debug|Any CPU.ActiveCfg = Debug|Any CPU
		{8423081A-9D0F-47ED-A659-E9D67C074BB2}.Debug|Any CPU.Build.0 = Debug|Any CPU
		{8423081A-9D0F-47ED-A659-E9D67C074BB2}.Release|Any CPU.ActiveCfg = Release|Any CPU
		{8423081A-9D0F-47ED-A659-E9D67C074BB2}.Release|Any CPU.Build.0 = Release|Any CPU
		{072B960E-7E72-4B6A-B87B-AD2649404D93}.Debug|Any CPU.ActiveCfg = Debug|Any CPU
		{072B960E-7E72-4B6A-B87B-AD2649404D93}.Debug|Any CPU.Build.0 = Debug|Any CPU
		{072B960E-7E72-4B6A-B87B-AD2649404D93}.Release|Any CPU.ActiveCfg = Release|Any CPU
		{072B960E-7E72-4B6A-B87B-AD2649404D93}.Release|Any CPU.Build.0 = Release|Any CPU
		{376E5B28-CDEC-444D-B3D9-23F06AE2B54E}.Debug|Any CPU.ActiveCfg = Debug|Any CPU
		{376E5B28-CDEC-444D-B3D9-23F06AE2B54E}.Debug|Any CPU.Build.0 = Debug|Any CPU
		{376E5B28-CDEC-444D-B3D9-23F06AE2B54E}.Release|Any CPU.ActiveCfg = Release|Any CPU
		{376E5B28-CDEC-444D-B3D9-23F06AE2B54E}.Release|Any CPU.Build.0 = Release|Any CPU
		{476B8F5F-DDE9-4E5D-A66F-8DF08047B3DB}.Debug|Any CPU.ActiveCfg = Debug|Any CPU
		{476B8F5F-DDE9-4E5D-A66F-8DF08047B3DB}.Debug|Any CPU.Build.0 = Debug|Any CPU
		{476B8F5F-DDE9-4E5D-A66F-8DF08047B3DB}.Release|Any CPU.ActiveCfg = Release|Any CPU
		{476B8F5F-DDE9-4E5D-A66F-8DF08047B3DB}.Release|Any CPU.Build.0 = Release|Any CPU
		{81584E2F-F32D-4AEF-B463-04B54926A65B}.Debug|Any CPU.ActiveCfg = Debug|Any CPU
		{81584E2F-F32D-4AEF-B463-04B54926A65B}.Debug|Any CPU.Build.0 = Debug|Any CPU
		{81584E2F-F32D-4AEF-B463-04B54926A65B}.Release|Any CPU.ActiveCfg = Release|Any CPU
		{81584E2F-F32D-4AEF-B463-04B54926A65B}.Release|Any CPU.Build.0 = Release|Any CPU
	EndGlobalSection
	GlobalSection(SolutionProperties) = preSolution
		HideSolutionNode = FALSE
	EndGlobalSection
	GlobalSection(ExtensibilityGlobals) = postSolution
		SolutionGuid = {425F1ABF-D945-46A1-A410-1B6A60B11C1A}
	EndGlobalSection
EndGlobal
